// !$*UTF8*$!
{
	archiveVersion = 1;
	classes = {
	};
	objectVersion = 55;
	objects = {

/* Begin PBXBuildFile section */
		490DDDED285516DD00CF244E /* SongDetailView.swift in Sources */ = {isa = PBXBuildFile; fileRef = 490DDDEC285516DD00CF244E /* SongDetailView.swift */; };
		490DDDEF285516F000CF244E /* SongDetailViewController.swift in Sources */ = {isa = PBXBuildFile; fileRef = 490DDDEE285516F000CF244E /* SongDetailViewController.swift */; };
		49416DFF284FEDC7008D8530 /* SoundModel.swift in Sources */ = {isa = PBXBuildFile; fileRef = 49416DFE284FEDC7008D8530 /* SoundModel.swift */; };
		4942480C2857D2D80068B233 /* Sound1.mp3 in Resources */ = {isa = PBXBuildFile; fileRef = 4942480B2857D2D80068B233 /* Sound1.mp3 */; };
		494248162857D2ED0068B233 /* Sound2.mp3 in Resources */ = {isa = PBXBuildFile; fileRef = 4942480D2857D2EC0068B233 /* Sound2.mp3 */; };
		494248172857D2ED0068B233 /* Sound7.mp3 in Resources */ = {isa = PBXBuildFile; fileRef = 4942480E2857D2ED0068B233 /* Sound7.mp3 */; };
		494248182857D2ED0068B233 /* Sound6.mp3 in Resources */ = {isa = PBXBuildFile; fileRef = 4942480F2857D2ED0068B233 /* Sound6.mp3 */; };
		494248192857D2ED0068B233 /* Sound4.mp3 in Resources */ = {isa = PBXBuildFile; fileRef = 494248102857D2ED0068B233 /* Sound4.mp3 */; };
		4942481A2857D2ED0068B233 /* Sound5.mp3 in Resources */ = {isa = PBXBuildFile; fileRef = 494248112857D2ED0068B233 /* Sound5.mp3 */; };
		4942481B2857D2ED0068B233 /* Sound9.mp3 in Resources */ = {isa = PBXBuildFile; fileRef = 494248122857D2ED0068B233 /* Sound9.mp3 */; };
		4942481C2857D2ED0068B233 /* Sound10.mp3 in Resources */ = {isa = PBXBuildFile; fileRef = 494248132857D2ED0068B233 /* Sound10.mp3 */; };
		4942481D2857D2ED0068B233 /* Sound3.mp3 in Resources */ = {isa = PBXBuildFile; fileRef = 494248142857D2ED0068B233 /* Sound3.mp3 */; };
		4942481E2857D2ED0068B233 /* Sound8.mp3 in Resources */ = {isa = PBXBuildFile; fileRef = 494248152857D2ED0068B233 /* Sound8.mp3 */; };
		497D428328494B2B0094115C /* AppDelegate.swift in Sources */ = {isa = PBXBuildFile; fileRef = 497D428228494B2B0094115C /* AppDelegate.swift */; };
		497D428728494B2B0094115C /* SplashViewController.swift in Sources */ = {isa = PBXBuildFile; fileRef = 497D428628494B2B0094115C /* SplashViewController.swift */; };
		497D428C28494B2E0094115C /* Assets.xcassets in Resources */ = {isa = PBXBuildFile; fileRef = 497D428B28494B2E0094115C /* Assets.xcassets */; };
		497D428F28494B2E0094115C /* LaunchScreen.storyboard in Resources */ = {isa = PBXBuildFile; fileRef = 497D428D28494B2E0094115C /* LaunchScreen.storyboard */; };
		497D4299284951030094115C /* SplashView.swift in Sources */ = {isa = PBXBuildFile; fileRef = 497D4298284951030094115C /* SplashView.swift */; };
		497D429C284951EB0094115C /* Layoutable.swift in Sources */ = {isa = PBXBuildFile; fileRef = 497D429B284951EB0094115C /* Layoutable.swift */; };
		497D429E284951F90094115C /* Layouting.swift in Sources */ = {isa = PBXBuildFile; fileRef = 497D429D284951F90094115C /* Layouting.swift */; };
		497D42A1284969C60094115C /* SongListViewController.swift in Sources */ = {isa = PBXBuildFile; fileRef = 497D42A0284969C60094115C /* SongListViewController.swift */; };
		497D42A3284969D80094115C /* SongListView.swift in Sources */ = {isa = PBXBuildFile; fileRef = 497D42A2284969D80094115C /* SongListView.swift */; };
		497D42A5284969FD0094115C /* SongListTableViewCell.swift in Sources */ = {isa = PBXBuildFile; fileRef = 497D42A4284969FD0094115C /* SongListTableViewCell.swift */; };
		B856FA7CCC11CD999A07B8FA /* Pods_MusicPlayerApp.framework in Frameworks */ = {isa = PBXBuildFile; fileRef = B8449AA53A411D8F6094650D /* Pods_MusicPlayerApp.framework */; };
/* End PBXBuildFile section */

/* Begin PBXFileReference section */
		490DDDEC285516DD00CF244E /* SongDetailView.swift */ = {isa = PBXFileReference; lastKnownFileType = sourcecode.swift; path = SongDetailView.swift; sourceTree = "<group>"; };
		490DDDEE285516F000CF244E /* SongDetailViewController.swift */ = {isa = PBXFileReference; lastKnownFileType = sourcecode.swift; path = SongDetailViewController.swift; sourceTree = "<group>"; };
		49416DFE284FEDC7008D8530 /* SoundModel.swift */ = {isa = PBXFileReference; lastKnownFileType = sourcecode.swift; path = SoundModel.swift; sourceTree = "<group>"; };
		4942480B2857D2D80068B233 /* Sound1.mp3 */ = {isa = PBXFileReference; lastKnownFileType = audio.mp3; path = Sound1.mp3; sourceTree = "<group>"; };
		4942480D2857D2EC0068B233 /* Sound2.mp3 */ = {isa = PBXFileReference; lastKnownFileType = audio.mp3; path = Sound2.mp3; sourceTree = "<group>"; };
		4942480E2857D2ED0068B233 /* Sound7.mp3 */ = {isa = PBXFileReference; lastKnownFileType = audio.mp3; path = Sound7.mp3; sourceTree = "<group>"; };
		4942480F2857D2ED0068B233 /* Sound6.mp3 */ = {isa = PBXFileReference; lastKnownFileType = audio.mp3; path = Sound6.mp3; sourceTree = "<group>"; };
		494248102857D2ED0068B233 /* Sound4.mp3 */ = {isa = PBXFileReference; lastKnownFileType = audio.mp3; path = Sound4.mp3; sourceTree = "<group>"; };
		494248112857D2ED0068B233 /* Sound5.mp3 */ = {isa = PBXFileReference; lastKnownFileType = audio.mp3; path = Sound5.mp3; sourceTree = "<group>"; };
		494248122857D2ED0068B233 /* Sound9.mp3 */ = {isa = PBXFileReference; lastKnownFileType = audio.mp3; path = Sound9.mp3; sourceTree = "<group>"; };
		494248132857D2ED0068B233 /* Sound10.mp3 */ = {isa = PBXFileReference; lastKnownFileType = audio.mp3; path = Sound10.mp3; sourceTree = "<group>"; };
		494248142857D2ED0068B233 /* Sound3.mp3 */ = {isa = PBXFileReference; lastKnownFileType = audio.mp3; path = Sound3.mp3; sourceTree = "<group>"; };
		494248152857D2ED0068B233 /* Sound8.mp3 */ = {isa = PBXFileReference; lastKnownFileType = audio.mp3; path = Sound8.mp3; sourceTree = "<group>"; };
		497D427F28494B2B0094115C /* MusicPlayerApp.app */ = {isa = PBXFileReference; explicitFileType = wrapper.application; includeInIndex = 0; path = MusicPlayerApp.app; sourceTree = BUILT_PRODUCTS_DIR; };
		497D428228494B2B0094115C /* AppDelegate.swift */ = {isa = PBXFileReference; lastKnownFileType = sourcecode.swift; path = AppDelegate.swift; sourceTree = "<group>"; };
		497D428628494B2B0094115C /* SplashViewController.swift */ = {isa = PBXFileReference; lastKnownFileType = sourcecode.swift; path = SplashViewController.swift; sourceTree = "<group>"; };
		497D428B28494B2E0094115C /* Assets.xcassets */ = {isa = PBXFileReference; lastKnownFileType = folder.assetcatalog; path = Assets.xcassets; sourceTree = "<group>"; };
		497D428E28494B2E0094115C /* Base */ = {isa = PBXFileReference; lastKnownFileType = file.storyboard; name = Base; path = Base.lproj/LaunchScreen.storyboard; sourceTree = "<group>"; };
		497D429028494B2E0094115C /* Info.plist */ = {isa = PBXFileReference; lastKnownFileType = text.plist.xml; path = Info.plist; sourceTree = "<group>"; };
		497D4298284951030094115C /* SplashView.swift */ = {isa = PBXFileReference; lastKnownFileType = sourcecode.swift; path = SplashView.swift; sourceTree = "<group>"; };
		497D429B284951EB0094115C /* Layoutable.swift */ = {isa = PBXFileReference; lastKnownFileType = sourcecode.swift; path = Layoutable.swift; sourceTree = "<group>"; };
		497D429D284951F90094115C /* Layouting.swift */ = {isa = PBXFileReference; lastKnownFileType = sourcecode.swift; path = Layouting.swift; sourceTree = "<group>"; };
		497D42A0284969C60094115C /* SongListViewController.swift */ = {isa = PBXFileReference; lastKnownFileType = sourcecode.swift; path = SongListViewController.swift; sourceTree = "<group>"; };
		497D42A2284969D80094115C /* SongListView.swift */ = {isa = PBXFileReference; lastKnownFileType = sourcecode.swift; path = SongListView.swift; sourceTree = "<group>"; };
		497D42A4284969FD0094115C /* SongListTableViewCell.swift */ = {isa = PBXFileReference; lastKnownFileType = sourcecode.swift; path = SongListTableViewCell.swift; sourceTree = "<group>"; };
		B8078F519D30984EBFA9CD43 /* Pods-MusicPlayerApp.debug.xcconfig */ = {isa = PBXFileReference; includeInIndex = 1; lastKnownFileType = text.xcconfig; name = "Pods-MusicPlayerApp.debug.xcconfig"; path = "Target Support Files/Pods-MusicPlayerApp/Pods-MusicPlayerApp.debug.xcconfig"; sourceTree = "<group>"; };
		B8449AA53A411D8F6094650D /* Pods_MusicPlayerApp.framework */ = {isa = PBXFileReference; explicitFileType = wrapper.framework; includeInIndex = 0; path = Pods_MusicPlayerApp.framework; sourceTree = BUILT_PRODUCTS_DIR; };
		D1EE1B4D4F4CE757D652B310 /* Pods-MusicPlayerApp.release.xcconfig */ = {isa = PBXFileReference; includeInIndex = 1; lastKnownFileType = text.xcconfig; name = "Pods-MusicPlayerApp.release.xcconfig"; path = "Target Support Files/Pods-MusicPlayerApp/Pods-MusicPlayerApp.release.xcconfig"; sourceTree = "<group>"; };
/* End PBXFileReference section */

/* Begin PBXFrameworksBuildPhase section */
		497D427C28494B2B0094115C /* Frameworks */ = {
			isa = PBXFrameworksBuildPhase;
			buildActionMask = 2147483647;
			files = (
				B856FA7CCC11CD999A07B8FA /* Pods_MusicPlayerApp.framework in Frameworks */,
			);
			runOnlyForDeploymentPostprocessing = 0;
		};
/* End PBXFrameworksBuildPhase section */

/* Begin PBXGroup section */
		20865D83A16EFD0546FF3CE7 /* Pods */ = {
			isa = PBXGroup;
			children = (
				B8078F519D30984EBFA9CD43 /* Pods-MusicPlayerApp.debug.xcconfig */,
				D1EE1B4D4F4CE757D652B310 /* Pods-MusicPlayerApp.release.xcconfig */,
			);
			path = Pods;
			sourceTree = "<group>";
		};
		490DDDEB285516C200CF244E /* SongDetail */ = {
			isa = PBXGroup;
			children = (
				490DDDEC285516DD00CF244E /* SongDetailView.swift */,
				490DDDEE285516F000CF244E /* SongDetailViewController.swift */,
			);
			path = SongDetail;
			sourceTree = "<group>";
		};
		49416DFD284FEDB0008D8530 /* Models */ = {
			isa = PBXGroup;
			children = (
				49416DFE284FEDC7008D8530 /* SoundModel.swift */,
			);
			path = Models;
			sourceTree = "<group>";
		};
		494248092857D2890068B233 /* Assets */ = {
			isa = PBXGroup;
			children = (
				4942480A2857D2A00068B233 /* Sounds */,
				497D428B28494B2E0094115C /* Assets.xcassets */,
			);
			path = Assets;
			sourceTree = "<group>";
		};
		4942480A2857D2A00068B233 /* Sounds */ = {
			isa = PBXGroup;
			children = (
				4942480B2857D2D80068B233 /* Sound1.mp3 */,
				4942480D2857D2EC0068B233 /* Sound2.mp3 */,
				494248142857D2ED0068B233 /* Sound3.mp3 */,
				494248102857D2ED0068B233 /* Sound4.mp3 */,
				494248112857D2ED0068B233 /* Sound5.mp3 */,
				4942480F2857D2ED0068B233 /* Sound6.mp3 */,
				4942480E2857D2ED0068B233 /* Sound7.mp3 */,
				494248152857D2ED0068B233 /* Sound8.mp3 */,
				494248122857D2ED0068B233 /* Sound9.mp3 */,
				494248132857D2ED0068B233 /* Sound10.mp3 */,
			);
			path = Sounds;
			sourceTree = "<group>";
		};
		497D427628494B2B0094115C = {
			isa = PBXGroup;
			children = (
				497D428128494B2B0094115C /* MusicPlayerApp */,
				497D428028494B2B0094115C /* Products */,
				20865D83A16EFD0546FF3CE7 /* Pods */,
				83FEE1CE9D60BD6C1687D25C /* Frameworks */,
			);
			sourceTree = "<group>";
		};
		497D428028494B2B0094115C /* Products */ = {
			isa = PBXGroup;
			children = (
				497D427F28494B2B0094115C /* MusicPlayerApp.app */,
			);
			name = Products;
			sourceTree = "<group>";
		};
		497D428128494B2B0094115C /* MusicPlayerApp */ = {
			isa = PBXGroup;
			children = (
				494248092857D2890068B233 /* Assets */,
				490DDDEB285516C200CF244E /* SongDetail */,
				49416DFD284FEDB0008D8530 /* Models */,
				497D429F2849699C0094115C /* SongList */,
				497D429A2849510F0094115C /* Protocols */,
				497D4297284950D40094115C /* Splash */,
				497D428228494B2B0094115C /* AppDelegate.swift */,
				497D428D28494B2E0094115C /* LaunchScreen.storyboard */,
				497D429028494B2E0094115C /* Info.plist */,
			);
			path = MusicPlayerApp;
			sourceTree = "<group>";
		};
		497D4297284950D40094115C /* Splash */ = {
			isa = PBXGroup;
			children = (
				497D428628494B2B0094115C /* SplashViewController.swift */,
				497D4298284951030094115C /* SplashView.swift */,
			);
			path = Splash;
			sourceTree = "<group>";
		};
		497D429A2849510F0094115C /* Protocols */ = {
			isa = PBXGroup;
			children = (
				497D429B284951EB0094115C /* Layoutable.swift */,
				497D429D284951F90094115C /* Layouting.swift */,
			);
			path = Protocols;
			sourceTree = "<group>";
		};
		497D429F2849699C0094115C /* SongList */ = {
			isa = PBXGroup;
			children = (
				497D42A0284969C60094115C /* SongListViewController.swift */,
				497D42A2284969D80094115C /* SongListView.swift */,
				497D42A4284969FD0094115C /* SongListTableViewCell.swift */,
			);
			path = SongList;
			sourceTree = "<group>";
		};
		83FEE1CE9D60BD6C1687D25C /* Frameworks */ = {
			isa = PBXGroup;
			children = (
				B8449AA53A411D8F6094650D /* Pods_MusicPlayerApp.framework */,
			);
			name = Frameworks;
			sourceTree = "<group>";
		};
/* End PBXGroup section */

/* Begin PBXNativeTarget section */
		497D427E28494B2B0094115C /* MusicPlayerApp */ = {
			isa = PBXNativeTarget;
			buildConfigurationList = 497D429328494B2E0094115C /* Build configuration list for PBXNativeTarget "MusicPlayerApp" */;
			buildPhases = (
				1AA7CAEAE185F44C679891C4 /* [CP] Check Pods Manifest.lock */,
				497D427B28494B2B0094115C /* Sources */,
				497D427C28494B2B0094115C /* Frameworks */,
				497D427D28494B2B0094115C /* Resources */,
				497D429628494C750094115C /* SwiftLint */,
				AE1B4D7662F58613090EE015 /* [CP] Embed Pods Frameworks */,
			);
			buildRules = (
			);
			dependencies = (
			);
			name = MusicPlayerApp;
			productName = MusicPlayerApp;
			productReference = 497D427F28494B2B0094115C /* MusicPlayerApp.app */;
			productType = "com.apple.product-type.application";
		};
/* End PBXNativeTarget section */

/* Begin PBXProject section */
		497D427728494B2B0094115C /* Project object */ = {
			isa = PBXProject;
			attributes = {
				BuildIndependentTargetsInParallel = 1;
				LastSwiftUpdateCheck = 1340;
				LastUpgradeCheck = 1340;
				TargetAttributes = {
					497D427E28494B2B0094115C = {
						CreatedOnToolsVersion = 13.4;
					};
				};
			};
			buildConfigurationList = 497D427A28494B2B0094115C /* Build configuration list for PBXProject "MusicPlayerApp" */;
			compatibilityVersion = "Xcode 13.0";
			developmentRegion = en;
			hasScannedForEncodings = 0;
			knownRegions = (
				en,
				Base,
			);
			mainGroup = 497D427628494B2B0094115C;
			productRefGroup = 497D428028494B2B0094115C /* Products */;
			projectDirPath = "";
			projectRoot = "";
			targets = (
				497D427E28494B2B0094115C /* MusicPlayerApp */,
			);
		};
/* End PBXProject section */

/* Begin PBXResourcesBuildPhase section */
		497D427D28494B2B0094115C /* Resources */ = {
			isa = PBXResourcesBuildPhase;
			buildActionMask = 2147483647;
			files = (
				4942481A2857D2ED0068B233 /* Sound5.mp3 in Resources */,
				4942481B2857D2ED0068B233 /* Sound9.mp3 in Resources */,
				497D428F28494B2E0094115C /* LaunchScreen.storyboard in Resources */,
				4942481C2857D2ED0068B233 /* Sound10.mp3 in Resources */,
				494248182857D2ED0068B233 /* Sound6.mp3 in Resources */,
				494248162857D2ED0068B233 /* Sound2.mp3 in Resources */,
				4942480C2857D2D80068B233 /* Sound1.mp3 in Resources */,
				4942481E2857D2ED0068B233 /* Sound8.mp3 in Resources */,
				497D428C28494B2E0094115C /* Assets.xcassets in Resources */,
				494248192857D2ED0068B233 /* Sound4.mp3 in Resources */,
				494248172857D2ED0068B233 /* Sound7.mp3 in Resources */,
				4942481D2857D2ED0068B233 /* Sound3.mp3 in Resources */,
			);
			runOnlyForDeploymentPostprocessing = 0;
		};
/* End PBXResourcesBuildPhase section */

/* Begin PBXShellScriptBuildPhase section */
		1AA7CAEAE185F44C679891C4 /* [CP] Check Pods Manifest.lock */ = {
			isa = PBXShellScriptBuildPhase;
			buildActionMask = 2147483647;
			files = (
			);
			inputFileListPaths = (
			);
			inputPaths = (
				"${PODS_PODFILE_DIR_PATH}/Podfile.lock",
				"${PODS_ROOT}/Manifest.lock",
			);
			name = "[CP] Check Pods Manifest.lock";
			outputFileListPaths = (
			);
			outputPaths = (
				"$(DERIVED_FILE_DIR)/Pods-MusicPlayerApp-checkManifestLockResult.txt",
			);
			runOnlyForDeploymentPostprocessing = 0;
			shellPath = /bin/sh;
			shellScript = "diff \"${PODS_PODFILE_DIR_PATH}/Podfile.lock\" \"${PODS_ROOT}/Manifest.lock\" > /dev/null\nif [ $? != 0 ] ; then\n    # print error to STDERR\n    echo \"error: The sandbox is not in sync with the Podfile.lock. Run 'pod install' or update your CocoaPods installation.\" >&2\n    exit 1\nfi\n# This output is used by Xcode 'outputs' to avoid re-running this script phase.\necho \"SUCCESS\" > \"${SCRIPT_OUTPUT_FILE_0}\"\n";
			showEnvVarsInLog = 0;
		};
		497D429628494C750094115C /* SwiftLint */ = {
			isa = PBXShellScriptBuildPhase;
			buildActionMask = 2147483647;
			files = (
			);
			inputFileListPaths = (
			);
			inputPaths = (
			);
			name = SwiftLint;
			outputFileListPaths = (
			);
			outputPaths = (
			);
			runOnlyForDeploymentPostprocessing = 0;
			shellPath = /bin/sh;
			shellScript = "export PATH=\"$PATH:/opt/homebrew/bin\"\nswiftlint\n";
		};
		AE1B4D7662F58613090EE015 /* [CP] Embed Pods Frameworks */ = {
			isa = PBXShellScriptBuildPhase;
			buildActionMask = 2147483647;
			files = (
			);
			inputFileListPaths = (
				"${PODS_ROOT}/Target Support Files/Pods-MusicPlayerApp/Pods-MusicPlayerApp-frameworks-${CONFIGURATION}-input-files.xcfilelist",
			);
			name = "[CP] Embed Pods Frameworks";
			outputFileListPaths = (
				"${PODS_ROOT}/Target Support Files/Pods-MusicPlayerApp/Pods-MusicPlayerApp-frameworks-${CONFIGURATION}-output-files.xcfilelist",
			);
			runOnlyForDeploymentPostprocessing = 0;
			shellPath = /bin/sh;
			shellScript = "\"${PODS_ROOT}/Target Support Files/Pods-MusicPlayerApp/Pods-MusicPlayerApp-frameworks.sh\"\n";
			showEnvVarsInLog = 0;
		};
/* End PBXShellScriptBuildPhase section */

/* Begin PBXSourcesBuildPhase section */
		497D427B28494B2B0094115C /* Sources */ = {
			isa = PBXSourcesBuildPhase;
			buildActionMask = 2147483647;
			files = (
				497D428728494B2B0094115C /* SplashViewController.swift in Sources */,
				497D429C284951EB0094115C /* Layoutable.swift in Sources */,
				490DDDEF285516F000CF244E /* SongDetailViewController.swift in Sources */,
				497D428328494B2B0094115C /* AppDelegate.swift in Sources */,
				497D429E284951F90094115C /* Layouting.swift in Sources */,
				497D42A5284969FD0094115C /* SongListTableViewCell.swift in Sources */,
				497D4299284951030094115C /* SplashView.swift in Sources */,
				490DDDED285516DD00CF244E /* SongDetailView.swift in Sources */,
				497D42A3284969D80094115C /* SongListView.swift in Sources */,
				49416DFF284FEDC7008D8530 /* SoundModel.swift in Sources */,
				497D42A1284969C60094115C /* SongListViewController.swift in Sources */,
			);
			runOnlyForDeploymentPostprocessing = 0;
		};
/* End PBXSourcesBuildPhase section */

/* Begin PBXVariantGroup section */
		497D428D28494B2E0094115C /* LaunchScreen.storyboard */ = {
			isa = PBXVariantGroup;
			children = (
				497D428E28494B2E0094115C /* Base */,
			);
			name = LaunchScreen.storyboard;
			sourceTree = "<group>";
		};
/* End PBXVariantGroup section */

/* Begin XCBuildConfiguration section */
		497D429128494B2E0094115C /* Debug */ = {
			isa = XCBuildConfiguration;
			buildSettings = {
				ALWAYS_SEARCH_USER_PATHS = NO;
				CLANG_ANALYZER_NONNULL = YES;
				CLANG_ANALYZER_NUMBER_OBJECT_CONVERSION = YES_AGGRESSIVE;
				CLANG_CXX_LANGUAGE_STANDARD = "gnu++17";
				CLANG_ENABLE_MODULES = YES;
				CLANG_ENABLE_OBJC_ARC = YES;
				CLANG_ENABLE_OBJC_WEAK = YES;
				CLANG_WARN_BLOCK_CAPTURE_AUTORELEASING = YES;
				CLANG_WARN_BOOL_CONVERSION = YES;
				CLANG_WARN_COMMA = YES;
				CLANG_WARN_CONSTANT_CONVERSION = YES;
				CLANG_WARN_DEPRECATED_OBJC_IMPLEMENTATIONS = YES;
				CLANG_WARN_DIRECT_OBJC_ISA_USAGE = YES_ERROR;
				CLANG_WARN_DOCUMENTATION_COMMENTS = YES;
				CLANG_WARN_EMPTY_BODY = YES;
				CLANG_WARN_ENUM_CONVERSION = YES;
				CLANG_WARN_INFINITE_RECURSION = YES;
				CLANG_WARN_INT_CONVERSION = YES;
				CLANG_WARN_NON_LITERAL_NULL_CONVERSION = YES;
				CLANG_WARN_OBJC_IMPLICIT_RETAIN_SELF = YES;
				CLANG_WARN_OBJC_LITERAL_CONVERSION = YES;
				CLANG_WARN_OBJC_ROOT_CLASS = YES_ERROR;
				CLANG_WARN_QUOTED_INCLUDE_IN_FRAMEWORK_HEADER = YES;
				CLANG_WARN_RANGE_LOOP_ANALYSIS = YES;
				CLANG_WARN_STRICT_PROTOTYPES = YES;
				CLANG_WARN_SUSPICIOUS_MOVE = YES;
				CLANG_WARN_UNGUARDED_AVAILABILITY = YES_AGGRESSIVE;
				CLANG_WARN_UNREACHABLE_CODE = YES;
				CLANG_WARN__DUPLICATE_METHOD_MATCH = YES;
				COPY_PHASE_STRIP = NO;
				DEBUG_INFORMATION_FORMAT = dwarf;
				ENABLE_STRICT_OBJC_MSGSEND = YES;
				ENABLE_TESTABILITY = YES;
				GCC_C_LANGUAGE_STANDARD = gnu11;
				GCC_DYNAMIC_NO_PIC = NO;
				GCC_NO_COMMON_BLOCKS = YES;
				GCC_OPTIMIZATION_LEVEL = 0;
				GCC_PREPROCESSOR_DEFINITIONS = (
					"DEBUG=1",
					"$(inherited)",
				);
				GCC_WARN_64_TO_32_BIT_CONVERSION = YES;
				GCC_WARN_ABOUT_RETURN_TYPE = YES_ERROR;
				GCC_WARN_UNDECLARED_SELECTOR = YES;
				GCC_WARN_UNINITIALIZED_AUTOS = YES_AGGRESSIVE;
				GCC_WARN_UNUSED_FUNCTION = YES;
				GCC_WARN_UNUSED_VARIABLE = YES;
				IPHONEOS_DEPLOYMENT_TARGET = 15.5;
				MTL_ENABLE_DEBUG_INFO = INCLUDE_SOURCE;
				MTL_FAST_MATH = YES;
				ONLY_ACTIVE_ARCH = YES;
				SDKROOT = iphoneos;
				SWIFT_ACTIVE_COMPILATION_CONDITIONS = DEBUG;
				SWIFT_OPTIMIZATION_LEVEL = "-Onone";
			};
			name = Debug;
		};
		497D429228494B2E0094115C /* Release */ = {
			isa = XCBuildConfiguration;
			buildSettings = {
				ALWAYS_SEARCH_USER_PATHS = NO;
				CLANG_ANALYZER_NONNULL = YES;
				CLANG_ANALYZER_NUMBER_OBJECT_CONVERSION = YES_AGGRESSIVE;
				CLANG_CXX_LANGUAGE_STANDARD = "gnu++17";
				CLANG_ENABLE_MODULES = YES;
				CLANG_ENABLE_OBJC_ARC = YES;
				CLANG_ENABLE_OBJC_WEAK = YES;
				CLANG_WARN_BLOCK_CAPTURE_AUTORELEASING = YES;
				CLANG_WARN_BOOL_CONVERSION = YES;
				CLANG_WARN_COMMA = YES;
				CLANG_WARN_CONSTANT_CONVERSION = YES;
				CLANG_WARN_DEPRECATED_OBJC_IMPLEMENTATIONS = YES;
				CLANG_WARN_DIRECT_OBJC_ISA_USAGE = YES_ERROR;
				CLANG_WARN_DOCUMENTATION_COMMENTS = YES;
				CLANG_WARN_EMPTY_BODY = YES;
				CLANG_WARN_ENUM_CONVERSION = YES;
				CLANG_WARN_INFINITE_RECURSION = YES;
				CLANG_WARN_INT_CONVERSION = YES;
				CLANG_WARN_NON_LITERAL_NULL_CONVERSION = YES;
				CLANG_WARN_OBJC_IMPLICIT_RETAIN_SELF = YES;
				CLANG_WARN_OBJC_LITERAL_CONVERSION = YES;
				CLANG_WARN_OBJC_ROOT_CLASS = YES_ERROR;
				CLANG_WARN_QUOTED_INCLUDE_IN_FRAMEWORK_HEADER = YES;
				CLANG_WARN_RANGE_LOOP_ANALYSIS = YES;
				CLANG_WARN_STRICT_PROTOTYPES = YES;
				CLANG_WARN_SUSPICIOUS_MOVE = YES;
				CLANG_WARN_UNGUARDED_AVAILABILITY = YES_AGGRESSIVE;
				CLANG_WARN_UNREACHABLE_CODE = YES;
				CLANG_WARN__DUPLICATE_METHOD_MATCH = YES;
				COPY_PHASE_STRIP = NO;
				DEBUG_INFORMATION_FORMAT = "dwarf-with-dsym";
				ENABLE_NS_ASSERTIONS = NO;
				ENABLE_STRICT_OBJC_MSGSEND = YES;
				GCC_C_LANGUAGE_STANDARD = gnu11;
				GCC_NO_COMMON_BLOCKS = YES;
				GCC_WARN_64_TO_32_BIT_CONVERSION = YES;
				GCC_WARN_ABOUT_RETURN_TYPE = YES_ERROR;
				GCC_WARN_UNDECLARED_SELECTOR = YES;
				GCC_WARN_UNINITIALIZED_AUTOS = YES_AGGRESSIVE;
				GCC_WARN_UNUSED_FUNCTION = YES;
				GCC_WARN_UNUSED_VARIABLE = YES;
				IPHONEOS_DEPLOYMENT_TARGET = 15.5;
				MTL_ENABLE_DEBUG_INFO = NO;
				MTL_FAST_MATH = YES;
				SDKROOT = iphoneos;
				SWIFT_COMPILATION_MODE = wholemodule;
				SWIFT_OPTIMIZATION_LEVEL = "-O";
				VALIDATE_PRODUCT = YES;
			};
			name = Release;
		};
		497D429428494B2E0094115C /* Debug */ = {
			isa = XCBuildConfiguration;
			baseConfigurationReference = B8078F519D30984EBFA9CD43 /* Pods-MusicPlayerApp.debug.xcconfig */;
			buildSettings = {
				ASSETCATALOG_COMPILER_APPICON_NAME = AppIcon;
				ASSETCATALOG_COMPILER_GLOBAL_ACCENT_COLOR_NAME = AccentColor;
				CODE_SIGN_IDENTITY = "Apple Development";
				CODE_SIGN_STYLE = Manual;
				CURRENT_PROJECT_VERSION = 1;
				DEVELOPMENT_TEAM = "";
				GENERATE_INFOPLIST_FILE = YES;
				INFOPLIST_FILE = MusicPlayerApp/Info.plist;
				INFOPLIST_KEY_UIApplicationSupportsIndirectInputEvents = YES;
				INFOPLIST_KEY_UILaunchStoryboardName = LaunchScreen;
				INFOPLIST_KEY_UISupportedInterfaceOrientations_iPad = "UIInterfaceOrientationPortrait UIInterfaceOrientationPortraitUpsideDown UIInterfaceOrientationLandscapeLeft UIInterfaceOrientationLandscapeRight";
				INFOPLIST_KEY_UISupportedInterfaceOrientations_iPhone = "UIInterfaceOrientationPortrait UIInterfaceOrientationLandscapeLeft UIInterfaceOrientationLandscapeRight";
				LD_RUNPATH_SEARCH_PATHS = (
					"$(inherited)",
					"@executable_path/Frameworks",
				);
				MARKETING_VERSION = 1.0;
				PRODUCT_BUNDLE_IDENTIFIER = com.murataktas.MusicPlayerApp;
				PRODUCT_NAME = "$(TARGET_NAME)";
				PROVISIONING_PROFILE_SPECIFIER = "";
				SWIFT_EMIT_LOC_STRINGS = YES;
				SWIFT_VERSION = 5.0;
				TARGETED_DEVICE_FAMILY = 1;
			};
			name = Debug;
		};
		497D429528494B2E0094115C /* Release */ = {
			isa = XCBuildConfiguration;
			baseConfigurationReference = D1EE1B4D4F4CE757D652B310 /* Pods-MusicPlayerApp.release.xcconfig */;
			buildSettings = {
				ASSETCATALOG_COMPILER_APPICON_NAME = AppIcon;
				ASSETCATALOG_COMPILER_GLOBAL_ACCENT_COLOR_NAME = AccentColor;
				CODE_SIGN_IDENTITY = "Apple Development";
				CODE_SIGN_STYLE = Manual;
				CURRENT_PROJECT_VERSION = 1;
				DEVELOPMENT_TEAM = "";
				GENERATE_INFOPLIST_FILE = YES;
				INFOPLIST_FILE = MusicPlayerApp/Info.plist;
				INFOPLIST_KEY_UIApplicationSupportsIndirectInputEvents = YES;
				INFOPLIST_KEY_UILaunchStoryboardName = LaunchScreen;
				INFOPLIST_KEY_UISupportedInterfaceOrientations_iPad = "UIInterfaceOrientationPortrait UIInterfaceOrientationPortraitUpsideDown UIInterfaceOrientationLandscapeLeft UIInterfaceOrientationLandscapeRight";
				INFOPLIST_KEY_UISupportedInterfaceOrientations_iPhone = "UIInterfaceOrientationPortrait UIInterfaceOrientationLandscapeLeft UIInterfaceOrientationLandscapeRight";
				LD_RUNPATH_SEARCH_PATHS = (
					"$(inherited)",
					"@executable_path/Frameworks",
				);
				MARKETING_VERSION = 1.0;
				PRODUCT_BUNDLE_IDENTIFIER = com.murataktas.MusicPlayerApp;
				PRODUCT_NAME = "$(TARGET_NAME)";
				PROVISIONING_PROFILE_SPECIFIER = "";
				SWIFT_EMIT_LOC_STRINGS = YES;
				SWIFT_VERSION = 5.0;
				TARGETED_DEVICE_FAMILY = 1;
			};
			name = Release;
		};
/* End XCBuildConfiguration section */

/* Begin XCConfigurationList section */
		497D427A28494B2B0094115C /* Build configuration list for PBXProject "MusicPlayerApp" */ = {
			isa = XCConfigurationList;
			buildConfigurations = (
				497D429128494B2E0094115C /* Debug */,
				497D429228494B2E0094115C /* Release */,
			);
			defaultConfigurationIsVisible = 0;
			defaultConfigurationName = Release;
		};
		497D429328494B2E0094115C /* Build configuration list for PBXNativeTarget "MusicPlayerApp" */ = {
			isa = XCConfigurationList;
			buildConfigurations = (
				497D429428494B2E0094115C /* Debug */,
				497D429528494B2E0094115C /* Release */,
			);
			defaultConfigurationIsVisible = 0;
			defaultConfigurationName = Release;
		};
/* End XCConfigurationList section */
	};
	rootObject = 497D427728494B2B0094115C /* Project object */;
}
